#MicroXplorer Configuration settings - do not modify
Mcu.Family=STM32F4
Dma.SPI2_TX.2.PeriphInc=DMA_PINC_DISABLE
ProjectManager.MainLocation=Src
Dma.SPI2_TX.2.MemInc=DMA_MINC_ENABLE
VP_TIM10_VS_ClockSourceINT.Signal=TIM10_VS_ClockSourceINT
PE7.GPIO_PuPd=GPIO_PULLUP
RCC.CortexFreq_Value=168000000
ProjectManager.KeepUserCode=true
PE11.GPIOParameters=GPIO_PuPd
Mcu.UserName=STM32F407VGTx
Dma.USART1_TX.1.MemInc=DMA_MINC_ENABLE
TIM1.IPParameters=Period,ClockDivision,AutoReloadPreload,IC1Filter,IC1Prescaler,IC2Prescaler,IC2Filter
RCC.PLLCLKFreq_Value=168000000
RCC.PLLQCLKFreq_Value=48000000
PE8.GPIO_PuPd=GPIO_PULLUP
TIM10.ClockDivision=TIM_CLOCKDIVISION_DIV2
ProjectManager.functionlistsort=1-MX_GPIO_Init-GPIO-false-LL-true,2-MX_DMA_Init-DMA-false-HAL-true,3-SystemClock_Config-RCC-false-HAL-false,4-MX_I2S2_Init-I2S2-false-HAL-true,5-MX_USART1_UART_Init-USART1-false-HAL-true,6-MX_RNG_Init-RNG-false-LL-true,7-MX_TIM4_Init-TIM4-false-HAL-true,8-MX_TIM1_Init-TIM1-false-HAL-true,9-MX_ADC1_Init-ADC1-false-HAL-true,10-MX_TIM10_Init-TIM10-false-HAL-true
RCC.RTCFreq_Value=32000
PE10.GPIO_PuPd=GPIO_PULLUP
SH.S_TIM10_CH1.ConfNb=1
SH.S_TIM1_CH1.ConfNb=1
USART1.IPParameters=VirtualMode
NVIC.DMA1_Stream4_IRQn=true\:5\:0\:false\:false\:true\:true\:false\:true
PB13.Signal=I2S2_CK
PB15.Signal=I2S2_SD
PinOutPanel.RotationAngle=0
PE5.GPIOParameters=GPIO_PuPd
RCC.SYSCLKSource=RCC_SYSCLKSOURCE_PLLCLK
ProjectManager.StackSize=0x400
Mcu.IP4=NVIC
Mcu.IP5=RCC
RCC.FCLKCortexFreq_Value=168000000
Mcu.IP2=FREERTOS
NVIC.SVCall_IRQn=true\:0\:0\:false\:false\:false\:false\:false\:false
Mcu.IP3=I2S2
Mcu.IP0=ADC1
Mcu.IP1=DMA
PE4.GPIOParameters=GPIO_PuPd
Mcu.UserConstants=
Dma.SPI2_TX.2.FIFOThreshold=DMA_FIFO_THRESHOLD_HALFFULL
PE5.GPIO_PuPd=GPIO_PULLUP
PE11.GPIO_PuPd=GPIO_PULLUP
Mcu.ThirdPartyNb=0
RCC.HCLKFreq_Value=168000000
Mcu.IPNb=12
RCC.I2SClocksFreq_Value=50000000
ProjectManager.PreviousToolchain=TrueSTUDIO
RCC.APB2TimFreq_Value=168000000
VP_TIM10_VS_ClockSourceINT.Mode=Enable_Timer
RCC.VcooutputI2S=50000000
Dma.SPI2_TX.2.PeriphDataAlignment=DMA_PDATAALIGN_HALFWORD
Mcu.Pin6=PA1
Mcu.Pin7=PA2
PE10.Locked=true
PE5.Signal=GPIO_Input
Mcu.Pin8=PA3
Mcu.Pin9=PA4
Dma.SPI2_TX.2.Instance=DMA1_Stream4
PE1.Signal=GPIO_Output
FREERTOS.IPParameters=Tasks01
RCC.AHBFreq_Value=168000000
PB13.Locked=true
Dma.USART1_RX.0.Priority=DMA_PRIORITY_LOW
Mcu.Pin0=PE2
Mcu.Pin1=PE3
GPIO.groupedBy=Group By Peripherals
Mcu.Pin2=PE4
Mcu.Pin3=PE5
Mcu.Pin4=PE6
Mcu.Pin5=PA0-WKUP
ADC1.Channel-0\#ChannelRegularConversion=ADC_CHANNEL_VREFINT
ProjectManager.ProjectBuild=false
RCC.HSE_VALUE=25000000
NVIC.UsageFault_IRQn=true\:0\:0\:false\:false\:true\:false\:false\:false
NVIC.DebugMonitor_IRQn=true\:0\:0\:false\:false\:true\:false\:false\:false
PA4.Locked=true
Mcu.IP10=TIM10
TIM10.Channel=TIM_CHANNEL_1
NVIC.SysTick_IRQn=true\:15\:0\:false\:false\:false\:true\:false\:false
Mcu.IP11=USART1
ProjectManager.FirmwarePackage=STM32Cube FW_F4 V1.25.0
VP_ADC1_Vref_Input.Mode=IN-Vrefint
MxDb.Version=DB.5.0.60
ProjectManager.BackupPrevious=false
RCC.VCOInputFreq_Value=2000000
PE9.Signal=S_TIM1_CH1
VP_SYS_VS_tim2.Signal=SYS_VS_tim2
PA14.Mode=Serial_Wire
PE8.Locked=true
PE9.Locked=true
NVIC.TIM2_IRQn=true\:0\:0\:false\:false\:true\:false\:false\:true
File.Version=6
PE2.Signal=GPIO_Output
PE3.Locked=true
I2S2.IPParameters=Instance,VirtualMode,FullDuplexMode,RealAudioFreq,ErrorAudioFreq,AudioFreq
PE1.Locked=true
NVIC.PendSV_IRQn=true\:15\:0\:false\:false\:false\:true\:false\:false
TIM4.Period=65535
VP_FREERTOS_VS_CMSIS_V1.Mode=CMSIS_V1
Dma.USART1_RX.0.MemInc=DMA_MINC_ENABLE
Dma.SPI2_TX.2.PeriphBurst=DMA_PBURST_SINGLE
Dma.SPI2_TX.2.MemDataAlignment=DMA_MDATAALIGN_HALFWORD
PE4.Signal=GPIO_Input
PE10.Signal=GPIO_Input
PE6.GPIOParameters=GPIO_PuPd
Dma.RequestsNb=3
ProjectManager.HalAssertFull=false
ADC1.SamplingTime-0\#ChannelRegularConversion=ADC_SAMPLETIME_3CYCLES
Dma.USART1_TX.1.PeriphDataAlignment=DMA_PDATAALIGN_BYTE
ProjectManager.ProjectName=b3rebirth
RCC.MCO2PinFreq_Value=168000000
Mcu.Package=LQFP100
VP_SYS_VS_tim2.Mode=TIM2
PA6.Signal=GPIO_Input
PB12.Mode=Half_Duplex_Master
NVIC.DMA2_Stream7_IRQn=true\:5\:0\:false\:false\:true\:true\:false\:true
PA7.Locked=true
PA5.Locked=true
NVIC.TimeBase=TIM2_IRQn
Dma.SPI2_TX.2.Priority=DMA_PRIORITY_LOW
PE10.GPIOParameters=GPIO_PuPd
SH.S_TIM10_CH1.0=TIM10_CH1,PWM Generation1 CH1
ProjectManager.ToolChainLocation=
Dma.SPI2_TX.2.Mode=DMA_CIRCULAR
RCC.LSI_VALUE=32000
Dma.USART1_RX.0.RequestParameters=Instance,Direction,PeriphInc,MemInc,PeriphDataAlignment,MemDataAlignment,Mode,Priority,FIFOMode
NVIC.TimeBaseIP=TIM2
PA10.Signal=USART1_RX
Dma.USART1_RX.0.FIFOMode=DMA_FIFOMODE_DISABLE
RCC.APB2CLKDivider=RCC_HCLK_DIV2
NVIC.DMA2_Stream2_IRQn=true\:5\:0\:false\:false\:true\:true\:false\:true
Dma.Request2=SPI2_TX
Dma.Request1=USART1_TX
RCC.APB1TimFreq_Value=84000000
TIM1.IC2Prescaler=TIM_ICPSC_DIV2
NVIC.BusFault_IRQn=true\:0\:0\:false\:false\:true\:false\:false\:false
Dma.USART1_RX.0.Mode=DMA_NORMAL
Dma.USART1_TX.1.Priority=DMA_PRIORITY_LOW
TIM1.Period=1024
PB13.Mode=Half_Duplex_Master
PE6.Locked=true
PE7.Signal=GPIO_Input
NVIC.USART1_IRQn=true\:5\:0\:false\:false\:true\:true\:true\:true
Dma.SPI2_TX.2.RequestParameters=Instance,Direction,PeriphInc,MemInc,PeriphDataAlignment,MemDataAlignment,Mode,Priority,FIFOMode,FIFOThreshold,MemBurst,PeriphBurst
Dma.Request0=USART1_RX
PE6.GPIO_PuPd=GPIO_PULLUP
TIM10.IPParameters=Channel,ClockDivision,Period,Pulse,Prescaler
Dma.USART1_RX.0.Instance=DMA2_Stream2
ProjectManager.CustomerFirmwarePackage=
PB15.Locked=true
PA3.Signal=GPIO_Input
Dma.USART1_TX.1.Direction=DMA_MEMORY_TO_PERIPH
PA2.Locked=true
TIM10.Prescaler=840
Dma.USART1_TX.1.Instance=DMA2_Stream7
I2S2.AudioFreq=I2S_AUDIOFREQ_44K
TIM1.IC1Prescaler=TIM_ICPSC_DIV2
ProjectManager.ProjectFileName=b3rebirth.ioc
PE8.GPIOParameters=GPIO_PuPd
TIM4.AutoReloadPreload=TIM_AUTORELOAD_PRELOAD_ENABLE
FREERTOS.Tasks01=defaultTask,0,128,StartDefaultTask,Default,NULL,Dynamic,NULL,NULL
PB8.GPIOParameters=GPIO_Speed
ADC1.Rank-0\#ChannelRegularConversion=1
I2S2.Instance=SPI$Index
Dma.USART1_RX.0.PeriphDataAlignment=DMA_PDATAALIGN_BYTE
PA10.Mode=Asynchronous
Mcu.PinsNb=34
ProjectManager.NoMain=false
ADC1.IPParameters=Rank-0\#ChannelRegularConversion,master,Channel-0\#ChannelRegularConversion,SamplingTime-0\#ChannelRegularConversion,NbrOfConversionFlag,ClockPrescaler,NbrOfConversion
Dma.USART1_TX.1.RequestParameters=Instance,Direction,PeriphInc,MemInc,PeriphDataAlignment,MemDataAlignment,Mode,Priority,FIFOMode
Dma.SPI2_TX.2.MemBurst=DMA_MBURST_SINGLE
ProjectManager.DefaultFWLocation=true
ProjectManager.DeletePrevious=true
VP_RNG_VS_RNG.Mode=RNG_Activate
RCC.APB1CLKDivider=RCC_HCLK_DIV4
RCC.FamilyName=M
PA0-WKUP.Signal=GPIO_Input
TIM1.ClockDivision=TIM_CLOCKDIVISION_DIV2
PA0-WKUP.Locked=true
PE9.GPIOParameters=GPIO_PuPd
PA13.Signal=SYS_JTMS-SWDIO
TIM1.AutoReloadPreload=TIM_AUTORELOAD_PRELOAD_ENABLE
VP_FREERTOS_VS_CMSIS_V1.Signal=FREERTOS_VS_CMSIS_V1
PA9.Mode=Asynchronous
SH.S_TIM1_CH1.0=TIM1_CH1,Encoder_Interface
VP_TIM4_VS_ClockSourceINT.Signal=TIM4_VS_ClockSourceINT
ProjectManager.TargetToolchain=TrueSTUDIO
TIM4.IPParameters=Prescaler,AutoReloadPreload,Period
PE7.GPIOParameters=GPIO_PuPd
Dma.SPI2_TX.2.Direction=DMA_MEMORY_TO_PERIPH
Dma.USART1_RX.0.Direction=DMA_PERIPH_TO_MEMORY
VP_RNG_VS_RNG.Signal=RNG_VS_RNG
Dma.SPI2_TX.2.FIFOMode=DMA_FIFOMODE_ENABLE
PA9.Signal=USART1_TX
I2S2.VirtualMode=I2S_MODE_MASTER
PE4.Locked=true
PE0.Locked=true
Dma.USART1_TX.1.FIFOMode=DMA_FIFOMODE_DISABLE
TIM4.Prescaler=83
PE11.Signal=S_TIM1_CH2
RCC.LSE_VALUE=32768
PA1.Signal=GPIO_Input
Dma.USART1_RX.0.PeriphInc=DMA_PINC_DISABLE
SH.S_TIM1_CH2.ConfNb=1
RCC.VCOI2SOutputFreq_Value=100000000
PA5.Signal=GPIO_Input
Dma.USART1_TX.1.MemDataAlignment=DMA_MDATAALIGN_BYTE
board=custom
RCC.VCOOutputFreq_Value=336000000
ProjectManager.LastFirmware=false
PB15.Mode=Half_Duplex_Master
TIM10.Period=1024
RCC.APB2Freq_Value=84000000
MxCube.Version=5.6.1
TIM10.Pulse=768
SH.S_TIM1_CH2.0=TIM1_CH2,Encoder_Interface
PE8.Signal=GPIO_Input
Mcu.Pin30=VP_RNG_VS_RNG
RCC.EthernetFreq_Value=168000000
TIM1.IC2Filter=9
VP_ADC1_Vref_Input.Signal=ADC1_Vref_Input
Mcu.Pin33=VP_TIM10_VS_ClockSourceINT
Dma.USART1_RX.0.MemDataAlignment=DMA_MDATAALIGN_BYTE
Mcu.Pin31=VP_SYS_VS_tim2
Mcu.Pin32=VP_TIM4_VS_ClockSourceINT
NVIC.NonMaskableInt_IRQn=true\:0\:0\:false\:false\:true\:false\:false\:false
PE5.Locked=true
PE6.Signal=GPIO_Input
ADC1.NbrOfConversion=1
PE7.Locked=true
PA13.Mode=Serial_Wire
ProjectManager.FreePins=false
RCC.IPParameters=48MHZClocksFreq_Value,AHBFreq_Value,APB1CLKDivider,APB1Freq_Value,APB1TimFreq_Value,APB2CLKDivider,APB2Freq_Value,APB2TimFreq_Value,CortexFreq_Value,EthernetFreq_Value,FCLKCortexFreq_Value,FamilyName,HCLKFreq_Value,HSE_VALUE,HSI_VALUE,I2SClocksFreq_Value,LSE_VALUE,LSI_VALUE,MCO2PinFreq_Value,PLLCLKFreq_Value,PLLI2SN,PLLM,PLLN,PLLQ,PLLQCLKFreq_Value,RTCFreq_Value,RTCHSEDivFreq_Value,SYSCLKFreq_VALUE,SYSCLKSource,VCOI2SOutputFreq_Value,VCOInputFreq_Value,VCOOutputFreq_Value,VcooutputI2S
PE11.Locked=true
ProjectManager.AskForMigrate=true
PE0.Signal=GPIO_Output
Mcu.Name=STM32F407V(E-G)Tx
Mcu.Pin26=PE0
Mcu.Pin27=PE1
RCC.RTCHSEDivFreq_Value=12500000
PA2.Signal=GPIO_Input
Mcu.Pin24=PA14
ProjectManager.UnderRoot=true
PE4.GPIO_PuPd=GPIO_PULLUP
Mcu.Pin25=PB8
I2S2.FullDuplexMode=I2S_FULLDUPLEXMODE_DISABLE
Mcu.IP8=TIM1
Mcu.IP9=TIM4
Mcu.Pin28=VP_ADC1_Vref_Input
Mcu.IP6=RNG
Mcu.Pin29=VP_FREERTOS_VS_CMSIS_V1
Mcu.IP7=SYS
ProjectManager.CoupleFile=true
RCC.48MHZClocksFreq_Value=48000000
PA4.Signal=GPIO_Input
RCC.SYSCLKFreq_VALUE=168000000
Mcu.Pin22=PA10
Mcu.Pin23=PA13
PA1.Locked=true
Mcu.Pin20=PB15
ADC1.master=1
PA3.Locked=true
Mcu.Pin21=PA9
TIM1.IC1Filter=9
I2S2.ErrorAudioFreq=-1.35 %
NVIC.ForceEnableDMAVector=true
KeepUserPlacement=false
Dma.USART1_TX.1.Mode=DMA_NORMAL
NVIC.MemoryManagement_IRQn=true\:0\:0\:false\:false\:true\:false\:false\:false
USART1.VirtualMode=VM_ASYNC
ProjectManager.CompilerOptimize=6
PA14.Signal=SYS_JTCK-SWCLK
ProjectManager.HeapSize=0x200
Mcu.Pin15=PE9
Dma.USART1_TX.1.PeriphInc=DMA_PINC_DISABLE
NVIC.HardFault_IRQn=true\:0\:0\:false\:false\:true\:false\:false\:false
Mcu.Pin16=PE10
Mcu.Pin13=PE7
Mcu.Pin14=PE8
Mcu.Pin19=PB13
ProjectManager.ComputerToolchain=false
Mcu.Pin17=PE11
RCC.HSI_VALUE=16000000
Mcu.Pin18=PB12
VP_TIM4_VS_ClockSourceINT.Mode=Internal
RCC.PLLQ=7
NVIC.PriorityGroup=NVIC_PRIORITYGROUP_4
ADC1.NbrOfConversionFlag=1
Mcu.Pin11=PA6
Mcu.Pin12=PA7
RCC.PLLM=8
RCC.PLLN=168
Mcu.Pin10=PA5
PE2.Locked=true
PE3.Signal=GPIO_Output
PB8.Signal=S_TIM10_CH1
RCC.APB1Freq_Value=42000000
PB8.GPIO_Speed=GPIO_SPEED_FREQ_HIGH
I2S2.RealAudioFreq=43.402 KHz
ADC1.ClockPrescaler=ADC_CLOCK_SYNC_PCLK_DIV8
RCC.PLLI2SN=50
ProjectManager.DeviceId=STM32F407VGTx
PB12.Signal=I2S2_WS
ProjectManager.LibraryCopy=1
PA7.Signal=GPIO_Input
PE9.GPIO_PuPd=GPIO_PULLUP
PA6.Locked=true
